
Microsoft Visual Studio Solution File, Format Version 12.00
# Visual Studio 14
VisualStudioVersion = 14.0.25420.1
MinimumVisualStudioVersion = 10.0.40219.1
Project("{FAE04EC0-301F-11D3-BF4B-00C04F79EFBC}") = "Ranta.RemotingDemo.Contract", "Ranta.RemotingDemo.Contract\Ranta.RemotingDemo.Contract.csproj", "{7D4A8463-ADEB-4795-AA25-924A3DB21F8A}"
EndProject
Project("{FAE04EC0-301F-11D3-BF4B-00C04F79EFBC}") = "Ranta.RemotingDemo.Server", "Ranta.RemotingDemo.Server\Ranta.RemotingDemo.Server.csproj", "{5FFE9D9D-A0B3-4370-91C3-DEDB53C28FE5}"
EndProject
Project("{FAE04EC0-301F-11D3-BF4B-00C04F79EFBC}") = "Ranta.RemotingDemo.Client", "Ranta.RemotingDemo.Client\Ranta.RemotingDemo.Client.csproj", "{0859E223-DD79-4DFC-9355-FBD5BF1C6208}"
EndProject
Global
	GlobalSection(SolutionConfigurationPlatforms) = preSolution
		Debug|Any CPU = Debug|Any CPU
		Release|Any CPU = Release|Any CPU
	EndGlobalSection
	GlobalSection(ProjectConfigurationPlatforms) = postSolution
		{7D4A8463-ADEB-4795-AA25-924A3DB21F8A}.Debug|Any CPU.ActiveCfg = Debug|Any CPU
		{7D4A8463-ADEB-4795-AA25-924A3DB21F8A}.Debug|Any CPU.Build.0 = Debug|Any CPU
		{7D4A8463-ADEB-4795-AA25-924A3DB21F8A}.Release|Any CPU.ActiveCfg = Release|Any CPU
		{7D4A8463-ADEB-4795-AA25-924A3DB21F8A}.Release|Any CPU.Build.0 = Release|Any CPU
		{5FFE9D9D-A0B3-4370-91C3-DEDB53C28FE5}.Debug|Any CPU.ActiveCfg = Debug|Any CPU
		{5FFE9D9D-A0B3-4370-91C3-DEDB53C28FE5}.Debug|Any CPU.Build.0 = Debug|Any CPU
		{5FFE9D9D-A0B3-4370-91C3-DEDB53C28FE5}.Release|Any CPU.ActiveCfg = Release|Any CPU
		{5FFE9D9D-A0B3-4370-91C3-DEDB53C28FE5}.Release|Any CPU.Build.0 = Release|Any CPU
		{0859E223-DD79-4DFC-9355-FBD5BF1C6208}.Debug|Any CPU.ActiveCfg = Debug|Any CPU
		{0859E223-DD79-4DFC-9355-FBD5BF1C6208}.Debug|Any CPU.Build.0 = Debug|Any CPU
		{0859E223-DD79-4DFC-9355-FBD5BF1C6208}.Release|Any CPU.ActiveCfg = Release|Any CPU
		{0859E223-DD79-4DFC-9355-FBD5BF1C6208}.Release|Any CPU.Build.0 = Release|Any CPU
	EndGlobalSection
	GlobalSection(SolutionProperties) = preSolution
		HideSolutionNode = FALSE
	EndGlobalSection
EndGlobal
